
Microsoft Visual Studio Solution File, Format Version 12.00
# Visual Studio 15
VisualStudioVersion = 15.0.27130.2036
MinimumVisualStudioVersion = 10.0.40219.1
Project("{FAE04EC0-301F-11D3-BF4B-00C04F79EFBC}") = "MiP_VS_DeepLearning_MultivariateLinearRegression", "MiP_VS_DeepLearning_MultivariateLinearRegression\MiP_VS_DeepLearning_MultivariateLinearRegression.csproj", "{DE94E262-3E3F-4440-AF14-1A6C907CDC38}"
EndProject
Global
	GlobalSection(SolutionConfigurationPlatforms) = preSolution
		Debug|Any CPU = Debug|Any CPU
		Release|Any CPU = Release|Any CPU
	EndGlobalSection
	GlobalSection(ProjectConfigurationPlatforms) = postSolution
		{DE94E262-3E3F-4440-AF14-1A6C907CDC38}.Debug|Any CPU.ActiveCfg = Debug|Any CPU
		{DE94E262-3E3F-4440-AF14-1A6C907CDC38}.Debug|Any CPU.Build.0 = Debug|Any CPU
		{DE94E262-3E3F-4440-AF14-1A6C907CDC38}.Release|Any CPU.ActiveCfg = Release|Any CPU
		{DE94E262-3E3F-4440-AF14-1A6C907CDC38}.Release|Any CPU.Build.0 = Release|Any CPU
	EndGlobalSection
	GlobalSection(SolutionProperties) = preSolution
		HideSolutionNode = FALSE
	EndGlobalSection
	GlobalSection(ExtensibilityGlobals) = postSolution
		SolutionGuid = {4B337FF8-62D2-481D-9D78-FC3163F0CFC3}
	EndGlobalSection
EndGlobal
